
Microsoft Visual Studio Solution File, Format Version 12.00
# Visual Studio Version 17
VisualStudioVersion = 17.9.34728.123
MinimumVisualStudioVersion = 10.0.40219.1
Project("{FAE04EC0-301F-11D3-BF4B-00C04F79EFBC}") = "SolarWatch", "SolarWatch.csproj", "{95055111-FD37-4E9D-BCD9-682E1A4396A0}"
EndProject
Global
	GlobalSection(SolutionConfigurationPlatforms) = preSolution
		Debug|Any CPU = Debug|Any CPU
		Release|Any CPU = Release|Any CPU
	EndGlobalSection
	GlobalSection(ProjectConfigurationPlatforms) = postSolution
		{95055111-FD37-4E9D-BCD9-682E1A4396A0}.Debug|Any CPU.ActiveCfg = Debug|Any CPU
		{95055111-FD37-4E9D-BCD9-682E1A4396A0}.Debug|Any CPU.Build.0 = Debug|Any CPU
		{95055111-FD37-4E9D-BCD9-682E1A4396A0}.Release|Any CPU.ActiveCfg = Release|Any CPU
		{95055111-FD37-4E9D-BCD9-682E1A4396A0}.Release|Any CPU.Build.0 = Release|Any CPU
	EndGlobalSection
	GlobalSection(SolutionProperties) = preSolution
		HideSolutionNode = FALSE
	EndGlobalSection
	GlobalSection(ExtensibilityGlobals) = postSolution
		SolutionGuid = {85AABF49-BF9E-403A-A04B-192E8FB4E399}
	EndGlobalSection
EndGlobal
